
Microsoft Visual Studio Solution File, Format Version 12.00
# Visual Studio 2013
VisualStudioVersion = 12.0.30723.0
MinimumVisualStudioVersion = 10.0.40219.1
Project("{8BC9CEB8-8B4A-11D0-8D11-00A0C91BC942}") = "DataStructures_SinglyLinkedList", "DataStructures_SinglyLinkedList\DataStructures_SinglyLinkedList.vcxproj", "{9BC7D803-007C-48BB-B041-30BE0CE7905B}"
EndProject
Project("{8BC9CEB8-8B4A-11D0-8D11-00A0C91BC942}") = "DataStructures_Stack_Tutorial", "DataStructures_Stack_Tutorial\DataStructures_Stack_Tutorial.vcxproj", "{69046437-7397-4C93-9911-904617B10438}"
EndProject
Global
	GlobalSection(SolutionConfigurationPlatforms) = preSolution
		Debug|Win32 = Debug|Win32
		Release|Win32 = Release|Win32
	EndGlobalSection
	GlobalSection(ProjectConfigurationPlatforms) = postSolution
		{9BC7D803-007C-48BB-B041-30BE0CE7905B}.Debug|Win32.ActiveCfg = Debug|Win32
		{9BC7D803-007C-48BB-B041-30BE0CE7905B}.Debug|Win32.Build.0 = Debug|Win32
		{9BC7D803-007C-48BB-B041-30BE0CE7905B}.Release|Win32.ActiveCfg = Release|Win32
		{9BC7D803-007C-48BB-B041-30BE0CE7905B}.Release|Win32.Build.0 = Release|Win32
		{69046437-7397-4C93-9911-904617B10438}.Debug|Win32.ActiveCfg = Debug|Win32
		{69046437-7397-4C93-9911-904617B10438}.Debug|Win32.Build.0 = Debug|Win32
		{69046437-7397-4C93-9911-904617B10438}.Release|Win32.ActiveCfg = Release|Win32
		{69046437-7397-4C93-9911-904617B10438}.Release|Win32.Build.0 = Release|Win32
	EndGlobalSection
	GlobalSection(SolutionProperties) = preSolution
		HideSolutionNode = FALSE
	EndGlobalSection
EndGlobal
